// !$*UTF8*$!
{
	archiveVersion = 1;
	classes = {
	};
	objectVersion = 50;
	objects = {

/* Begin PBXBuildFile section */
		B78EB8A323A9D12B00FDD0BB /* AppDelegate.swift in Sources */ = {isa = PBXBuildFile; fileRef = B78EB8A223A9D12B00FDD0BB /* AppDelegate.swift */; };
		B78EB8A523A9D12B00FDD0BB /* SceneDelegate.swift in Sources */ = {isa = PBXBuildFile; fileRef = B78EB8A423A9D12B00FDD0BB /* SceneDelegate.swift */; };
		B78EB8A723A9D12B00FDD0BB /* ViewController.swift in Sources */ = {isa = PBXBuildFile; fileRef = B78EB8A623A9D12B00FDD0BB /* ViewController.swift */; };
		B78EB8AA23A9D12B00FDD0BB /* Main.storyboard in Resources */ = {isa = PBXBuildFile; fileRef = B78EB8A823A9D12B00FDD0BB /* Main.storyboard */; };
		B78EB8AC23A9D12C00FDD0BB /* Assets.xcassets in Resources */ = {isa = PBXBuildFile; fileRef = B78EB8AB23A9D12C00FDD0BB /* Assets.xcassets */; };
		B78EB8AF23A9D12C00FDD0BB /* LaunchScreen.storyboard in Resources */ = {isa = PBXBuildFile; fileRef = B78EB8AD23A9D12C00FDD0BB /* LaunchScreen.storyboard */; };
/* End PBXBuildFile section */

/* Begin PBXFileReference section */
		B78EB89F23A9D12B00FDD0BB /* GroupLunchCoordinator.app */ = {isa = PBXFileReference; explicitFileType = wrapper.application; includeInIndex = 0; path = GroupLunchCoordinator.app; sourceTree = BUILT_PRODUCTS_DIR; };
		B78EB8A223A9D12B00FDD0BB /* AppDelegate.swift */ = {isa = PBXFileReference; lastKnownFileType = sourcecode.swift; path = AppDelegate.swift; sourceTree = "<group>"; };
		B78EB8A423A9D12B00FDD0BB /* SceneDelegate.swift */ = {isa = PBXFileReference; lastKnownFileType = sourcecode.swift; path = SceneDelegate.swift; sourceTree = "<group>"; };
		B78EB8A623A9D12B00FDD0BB /* ViewController.swift */ = {isa = PBXFileReference; lastKnownFileType = sourcecode.swift; path = ViewController.swift; sourceTree = "<group>"; };
		B78EB8A923A9D12B00FDD0BB /* Base */ = {isa = PBXFileReference; lastKnownFileType = file.storyboard; name = Base; path = Base.lproj/Main.storyboard; sourceTree = "<group>"; };
		B78EB8AB23A9D12C00FDD0BB /* Assets.xcassets */ = {isa = PBXFileReference; lastKnownFileType = folder.assetcatalog; path = Assets.xcassets; sourceTree = "<group>"; };
		B78EB8AE23A9D12C00FDD0BB /* Base */ = {isa = PBXFileReference; lastKnownFileType = file.storyboard; name = Base; path = Base.lproj/LaunchScreen.storyboard; sourceTree = "<group>"; };
		B78EB8B023A9D12C00FDD0BB /* Info.plist */ = {isa = PBXFileReference; lastKnownFileType = text.plist.xml; path = Info.plist; sourceTree = "<group>"; };
/* End PBXFileReference section */

/* Begin PBXFrameworksBuildPhase section */
		B78EB89C23A9D12B00FDD0BB /* Frameworks */ = {
			isa = PBXFrameworksBuildPhase;
			buildActionMask = 2147483647;
			files = (
			);
			runOnlyForDeploymentPostprocessing = 0;
		};
/* End PBXFrameworksBuildPhase section */

/* Begin PBXGroup section */
		B78EB89623A9D12B00FDD0BB = {
			isa = PBXGroup;
			children = (
				B78EB8A123A9D12B00FDD0BB /* GroupLunchCoordinator */,
				B78EB8A023A9D12B00FDD0BB /* Products */,
			);
			sourceTree = "<group>";
		};
		B78EB8A023A9D12B00FDD0BB /* Products */ = {
			isa = PBXGroup;
			children = (
				B78EB89F23A9D12B00FDD0BB /* GroupLunchCoordinator.app */,
			);
			name = Products;
			sourceTree = "<group>";
		};
		B78EB8A123A9D12B00FDD0BB /* GroupLunchCoordinator */ = {
			isa = PBXGroup;
			children = (
				B78EB8A223A9D12B00FDD0BB /* AppDelegate.swift */,
				B78EB8A423A9D12B00FDD0BB /* SceneDelegate.swift */,
				B78EB8A623A9D12B00FDD0BB /* ViewController.swift */,
				B78EB8A823A9D12B00FDD0BB /* Main.storyboard */,
				B78EB8AB23A9D12C00FDD0BB /* Assets.xcassets */,
				B78EB8AD23A9D12C00FDD0BB /* LaunchScreen.storyboard */,
				B78EB8B023A9D12C00FDD0BB /* Info.plist */,
			);
			path = GroupLunchCoordinator;
			sourceTree = "<group>";
		};
/* End PBXGroup section */

/* Begin PBXNativeTarget section */
		B78EB89E23A9D12B00FDD0BB /* GroupLunchCoordinator */ = {
			isa = PBXNativeTarget;
			buildConfigurationList = B78EB8B323A9D12C00FDD0BB /* Build configuration list for PBXNativeTarget "GroupLunchCoordinator" */;
			buildPhases = (
				B78EB89B23A9D12B00FDD0BB /* Sources */,
				B78EB89C23A9D12B00FDD0BB /* Frameworks */,
				B78EB89D23A9D12B00FDD0BB /* Resources */,
			);
			buildRules = (
			);
			dependencies = (
			);
			name = GroupLunchCoordinator;
			productName = GroupLunchCoordinator;
			productReference = B78EB89F23A9D12B00FDD0BB /* GroupLunchCoordinator.app */;
			productType = "com.apple.product-type.application";
		};
/* End PBXNativeTarget section */

/* Begin PBXProject section */
		B78EB89723A9D12B00FDD0BB /* Project object */ = {
			isa = PBXProject;
			attributes = {
				LastSwiftUpdateCheck = 1130;
				LastUpgradeCheck = 1130;
				ORGANIZATIONNAME = "John Holowesko";
				TargetAttributes = {
					B78EB89E23A9D12B00FDD0BB = {
						CreatedOnToolsVersion = 11.3;
					};
				};
			};
			buildConfigurationList = B78EB89A23A9D12B00FDD0BB /* Build configuration list for PBXProject "GroupLunchCoordinator" */;
			compatibilityVersion = "Xcode 9.3";
			developmentRegion = en;
			hasScannedForEncodings = 0;
			knownRegions = (
				en,
				Base,
			);
			mainGroup = B78EB89623A9D12B00FDD0BB;
			productRefGroup = B78EB8A023A9D12B00FDD0BB /* Products */;
			projectDirPath = "";
			projectRoot = "";
			targets = (
				B78EB89E23A9D12B00FDD0BB /* GroupLunchCoordinator */,
			);
		};
/* End PBXProject section */

/* Begin PBXResourcesBuildPhase section */
		B78EB89D23A9D12B00FDD0BB /* Resources */ = {
			isa = PBXResourcesBuildPhase;
			buildActionMask = 2147483647;
			files = (
				B78EB8AF23A9D12C00FDD0BB /* LaunchScreen.storyboard in Resources */,
				B78EB8AC23A9D12C00FDD0BB /* Assets.xcassets in Resources */,
				B78EB8AA23A9D12B00FDD0BB /* Main.storyboard in Resources */,
			);
			runOnlyForDeploymentPostprocessing = 0;
		};
/* End PBXResourcesBuildPhase section */

/* Begin PBXSourcesBuildPhase section */
		B78EB89B23A9D12B00FDD0BB /* Sources */ = {
			isa = PBXSourcesBuildPhase;
			buildActionMask = 2147483647;
			files = (
				B78EB8A723A9D12B00FDD0BB /* ViewController.swift in Sources */,
				B78EB8A323A9D12B00FDD0BB /* AppDelegate.swift in Sources */,
				B78EB8A523A9D12B00FDD0BB /* SceneDelegate.swift in Sources */,
			);
			runOnlyForDeploymentPostprocessing = 0;
		};
/* End PBXSourcesBuildPhase section */

/* Begin PBXVariantGroup section */
		B78EB8A823A9D12B00FDD0BB /* Main.storyboard */ = {
			isa = PBXVariantGroup;
			children = (
				B78EB8A923A9D12B00FDD0BB /* Base */,
			);
			name = Main.storyboard;
			sourceTree = "<group>";
		};
		B78EB8AD23A9D12C00FDD0BB /* LaunchScreen.storyboard */ = {
			isa = PBXVariantGroup;
			children = (
				B78EB8AE23A9D12C00FDD0BB /* Base */,
			);
			name = LaunchScreen.storyboard;
			sourceTree = "<group>";
		};
/* End PBXVariantGroup section */

/* Begin XCBuildConfiguration section */
		B78EB8B123A9D12C00FDD0BB /* Debug */ = {
			isa = XCBuildConfiguration;
			buildSettings = {
				ALWAYS_SEARCH_USER_PATHS = NO;
				CLANG_ANALYZER_NONNULL = YES;
				CLANG_ANALYZER_NUMBER_OBJECT_CONVERSION = YES_AGGRESSIVE;
				CLANG_CXX_LANGUAGE_STANDARD = "gnu++14";
				CLANG_CXX_LIBRARY = "libc++";
				CLANG_ENABLE_MODULES = YES;
				CLANG_ENABLE_OBJC_ARC = YES;
				CLANG_ENABLE_OBJC_WEAK = YES;
				CLANG_WARN_BLOCK_CAPTURE_AUTORELEASING = YES;
				CLANG_WARN_BOOL_CONVERSION = YES;
				CLANG_WARN_COMMA = YES;
				CLANG_WARN_CONSTANT_CONVERSION = YES;
				CLANG_WARN_DEPRECATED_OBJC_IMPLEMENTATIONS = YES;
				CLANG_WARN_DIRECT_OBJC_ISA_USAGE = YES_ERROR;
				CLANG_WARN_DOCUMENTATION_COMMENTS = YES;
				CLANG_WARN_EMPTY_BODY = YES;
				CLANG_WARN_ENUM_CONVERSION = YES;
				CLANG_WARN_INFINITE_RECURSION = YES;
				CLANG_WARN_INT_CONVERSION = YES;
				CLANG_WARN_NON_LITERAL_NULL_CONVERSION = YES;
				CLANG_WARN_OBJC_IMPLICIT_RETAIN_SELF = YES;
				CLANG_WARN_OBJC_LITERAL_CONVERSION = YES;
				CLANG_WARN_OBJC_ROOT_CLASS = YES_ERROR;
				CLANG_WARN_RANGE_LOOP_ANALYSIS = YES;
				CLANG_WARN_STRICT_PROTOTYPES = YES;
				CLANG_WARN_SUSPICIOUS_MOVE = YES;
				CLANG_WARN_UNGUARDED_AVAILABILITY = YES_AGGRESSIVE;
				CLANG_WARN_UNREACHABLE_CODE = YES;
				CLANG_WARN__DUPLICATE_METHOD_MATCH = YES;
				COPY_PHASE_STRIP = NO;
				DEBUG_INFORMATION_FORMAT = dwarf;
				ENABLE_STRICT_OBJC_MSGSEND = YES;
				ENABLE_TESTABILITY = YES;
				GCC_C_LANGUAGE_STANDARD = gnu11;
				GCC_DYNAMIC_NO_PIC = NO;
				GCC_NO_COMMON_BLOCKS = YES;
				GCC_OPTIMIZATION_LEVEL = 0;
				GCC_PREPROCESSOR_DEFINITIONS = (
					"DEBUG=1",
					"$(inherited)",
				);
				GCC_WARN_64_TO_32_BIT_CONVERSION = YES;
				GCC_WARN_ABOUT_RETURN_TYPE = YES_ERROR;
				GCC_WARN_UNDECLARED_SELECTOR = YES;
				GCC_WARN_UNINITIALIZED_AUTOS = YES_AGGRESSIVE;
				GCC_WARN_UNUSED_FUNCTION = YES;
				GCC_WARN_UNUSED_VARIABLE = YES;
				IPHONEOS_DEPLOYMENT_TARGET = 13.2;
				MTL_ENABLE_DEBUG_INFO = INCLUDE_SOURCE;
				MTL_FAST_MATH = YES;
				ONLY_ACTIVE_ARCH = YES;
				SDKROOT = iphoneos;
				SWIFT_ACTIVE_COMPILATION_CONDITIONS = DEBUG;
				SWIFT_OPTIMIZATION_LEVEL = "-Onone";
			};
			name = Debug;
		};
		B78EB8B223A9D12C00FDD0BB /* Release */ = {
			isa = XCBuildConfiguration;
			buildSettings = {
				ALWAYS_SEARCH_USER_PATHS = NO;
				CLANG_ANALYZER_NONNULL = YES;
				CLANG_ANALYZER_NUMBER_OBJECT_CONVERSION = YES_AGGRESSIVE;
				CLANG_CXX_LANGUAGE_STANDARD = "gnu++14";
				CLANG_CXX_LIBRARY = "libc++";
				CLANG_ENABLE_MODULES = YES;
				CLANG_ENABLE_OBJC_ARC = YES;
				CLANG_ENABLE_OBJC_WEAK = YES;
				CLANG_WARN_BLOCK_CAPTURE_AUTORELEASING = YES;
				CLANG_WARN_BOOL_CONVERSION = YES;
				CLANG_WARN_COMMA = YES;
				CLANG_WARN_CONSTANT_CONVERSION = YES;
				CLANG_WARN_DEPRECATED_OBJC_IMPLEMENTATIONS = YES;
				CLANG_WARN_DIRECT_OBJC_ISA_USAGE = YES_ERROR;
				CLANG_WARN_DOCUMENTATION_COMMENTS = YES;
				CLANG_WARN_EMPTY_BODY = YES;
				CLANG_WARN_ENUM_CONVERSION = YES;
				CLANG_WARN_INFINITE_RECURSION = YES;
				CLANG_WARN_INT_CONVERSION = YES;
				CLANG_WARN_NON_LITERAL_NULL_CONVERSION = YES;
				CLANG_WARN_OBJC_IMPLICIT_RETAIN_SELF = YES;
				CLANG_WARN_OBJC_LITERAL_CONVERSION = YES;
				CLANG_WARN_OBJC_ROOT_CLASS = YES_ERROR;
				CLANG_WARN_RANGE_LOOP_ANALYSIS = YES;
				CLANG_WARN_STRICT_PROTOTYPES = YES;
				CLANG_WARN_SUSPICIOUS_MOVE = YES;
				CLANG_WARN_UNGUARDED_AVAILABILITY = YES_AGGRESSIVE;
				CLANG_WARN_UNREACHABLE_CODE = YES;
				CLANG_WARN__DUPLICATE_METHOD_MATCH = YES;
				COPY_PHASE_STRIP = NO;
				DEBUG_INFORMATION_FORMAT = "dwarf-with-dsym";
				ENABLE_NS_ASSERTIONS = NO;
				ENABLE_STRICT_OBJC_MSGSEND = YES;
				GCC_C_LANGUAGE_STANDARD = gnu11;
				GCC_NO_COMMON_BLOCKS = YES;
				GCC_WARN_64_TO_32_BIT_CONVERSION = YES;
				GCC_WARN_ABOUT_RETURN_TYPE = YES_ERROR;
				GCC_WARN_UNDECLARED_SELECTOR = YES;
				GCC_WARN_UNINITIALIZED_AUTOS = YES_AGGRESSIVE;
				GCC_WARN_UNUSED_FUNCTION = YES;
				GCC_WARN_UNUSED_VARIABLE = YES;
				IPHONEOS_DEPLOYMENT_TARGET = 13.2;
				MTL_ENABLE_DEBUG_INFO = NO;
				MTL_FAST_MATH = YES;
				SDKROOT = iphoneos;
				SWIFT_COMPILATION_MODE = wholemodule;
				SWIFT_OPTIMIZATION_LEVEL = "-O";
				VALIDATE_PRODUCT = YES;
			};
			name = Release;
		};
		B78EB8B423A9D12C00FDD0BB /* Debug */ = {
			isa = XCBuildConfiguration;
			buildSettings = {
				ASSETCATALOG_COMPILER_APPICON_NAME = AppIcon;
				CODE_SIGN_STYLE = Automatic;
				DEVELOPMENT_TEAM = 33LGSHT789;
				INFOPLIST_FILE = GroupLunchCoordinator/Info.plist;
				LD_RUNPATH_SEARCH_PATHS = (
					"$(inherited)",
					"@executable_path/Frameworks",
				);
				PRODUCT_BUNDLE_IDENTIFIER = com.johnholowesko.GroupLunchCoordinator;
				PRODUCT_NAME = "$(TARGET_NAME)";
				SWIFT_VERSION = 5.0;
				TARGETED_DEVICE_FAMILY = "1,2";
			};
			name = Debug;
		};
		B78EB8B523A9D12C00FDD0BB /* Release */ = {
			isa = XCBuildConfiguration;
			buildSettings = {
				ASSETCATALOG_COMPILER_APPICON_NAME = AppIcon;
				CODE_SIGN_STYLE = Automatic;
				DEVELOPMENT_TEAM = 33LGSHT789;
				INFOPLIST_FILE = GroupLunchCoordinator/Info.plist;
				LD_RUNPATH_SEARCH_PATHS = (
					"$(inherited)",
					"@executable_path/Frameworks",
				);
				PRODUCT_BUNDLE_IDENTIFIER = com.johnholowesko.GroupLunchCoordinator;
				PRODUCT_NAME = "$(TARGET_NAME)";
				SWIFT_VERSION = 5.0;
				TARGETED_DEVICE_FAMILY = "1,2";
			};
			name = Release;
		};
/* End XCBuildConfiguration section */

/* Begin XCConfigurationList section */
		B78EB89A23A9D12B00FDD0BB /* Build configuration list for PBXProject "GroupLunchCoordinator" */ = {
			isa = XCConfigurationList;
			buildConfigurations = (
				B78EB8B123A9D12C00FDD0BB /* Debug */,
				B78EB8B223A9D12C00FDD0BB /* Release */,
			);
			defaultConfigurationIsVisible = 0;
			defaultConfigurationName = Release;
		};
		B78EB8B323A9D12C00FDD0BB /* Build configuration list for PBXNativeTarget "GroupLunchCoordinator" */ = {
			isa = XCConfigurationList;
			buildConfigurations = (
				B78EB8B423A9D12C00FDD0BB /* Debug */,
				B78EB8B523A9D12C00FDD0BB /* Release */,
			);
			defaultConfigurationIsVisible = 0;
			defaultConfigurationName = Release;
		};
/* End XCConfigurationList section */
	};
	rootObject = B78EB89723A9D12B00FDD0BB /* Project object */;
}
