// !$*UTF8*$!
{
	archiveVersion = 1;
	classes = {
	};
	objectVersion = 50;
	objects = {

/* Begin PBXBuildFile section */
		A699A0E423BAD7E000A32A30 /* AppDelegate.swift in Sources */ = {isa = PBXBuildFile; fileRef = A699A0E323BAD7E000A32A30 /* AppDelegate.swift */; };
		A699A0E623BAD7E000A32A30 /* SceneDelegate.swift in Sources */ = {isa = PBXBuildFile; fileRef = A699A0E523BAD7E000A32A30 /* SceneDelegate.swift */; };
		A699A0E823BAD7E000A32A30 /* ViewController.swift in Sources */ = {isa = PBXBuildFile; fileRef = A699A0E723BAD7E000A32A30 /* ViewController.swift */; };
		A699A0EB23BAD7E000A32A30 /* Main.storyboard in Resources */ = {isa = PBXBuildFile; fileRef = A699A0E923BAD7E000A32A30 /* Main.storyboard */; };
		A699A0ED23BAD7E100A32A30 /* Assets.xcassets in Resources */ = {isa = PBXBuildFile; fileRef = A699A0EC23BAD7E100A32A30 /* Assets.xcassets */; };
		A699A0F023BAD7E100A32A30 /* LaunchScreen.storyboard in Resources */ = {isa = PBXBuildFile; fileRef = A699A0EE23BAD7E100A32A30 /* LaunchScreen.storyboard */; };
/* End PBXBuildFile section */

/* Begin PBXFileReference section */
		A699A0E023BAD7E000A32A30 /* rubato.app */ = {isa = PBXFileReference; explicitFileType = wrapper.application; includeInIndex = 0; path = rubato.app; sourceTree = BUILT_PRODUCTS_DIR; };
		A699A0E323BAD7E000A32A30 /* AppDelegate.swift */ = {isa = PBXFileReference; lastKnownFileType = sourcecode.swift; path = AppDelegate.swift; sourceTree = "<group>"; };
		A699A0E523BAD7E000A32A30 /* SceneDelegate.swift */ = {isa = PBXFileReference; lastKnownFileType = sourcecode.swift; path = SceneDelegate.swift; sourceTree = "<group>"; };
		A699A0E723BAD7E000A32A30 /* ViewController.swift */ = {isa = PBXFileReference; lastKnownFileType = sourcecode.swift; path = ViewController.swift; sourceTree = "<group>"; };
		A699A0EA23BAD7E000A32A30 /* Base */ = {isa = PBXFileReference; lastKnownFileType = file.storyboard; name = Base; path = Base.lproj/Main.storyboard; sourceTree = "<group>"; };
		A699A0EC23BAD7E100A32A30 /* Assets.xcassets */ = {isa = PBXFileReference; lastKnownFileType = folder.assetcatalog; path = Assets.xcassets; sourceTree = "<group>"; };
		A699A0EF23BAD7E100A32A30 /* Base */ = {isa = PBXFileReference; lastKnownFileType = file.storyboard; name = Base; path = Base.lproj/LaunchScreen.storyboard; sourceTree = "<group>"; };
		A699A0F123BAD7E100A32A30 /* Info.plist */ = {isa = PBXFileReference; lastKnownFileType = text.plist.xml; path = Info.plist; sourceTree = "<group>"; };
/* End PBXFileReference section */

/* Begin PBXFrameworksBuildPhase section */
		A699A0DD23BAD7E000A32A30 /* Frameworks */ = {
			isa = PBXFrameworksBuildPhase;
			buildActionMask = 2147483647;
			files = (
			);
			runOnlyForDeploymentPostprocessing = 0;
		};
/* End PBXFrameworksBuildPhase section */

/* Begin PBXGroup section */
		A699A0D723BAD7E000A32A30 = {
			isa = PBXGroup;
			children = (
				A699A0E223BAD7E000A32A30 /* rubato */,
				A699A0E123BAD7E000A32A30 /* Products */,
			);
			sourceTree = "<group>";
		};
		A699A0E123BAD7E000A32A30 /* Products */ = {
			isa = PBXGroup;
			children = (
				A699A0E023BAD7E000A32A30 /* rubato.app */,
			);
			name = Products;
			sourceTree = "<group>";
		};
		A699A0E223BAD7E000A32A30 /* rubato */ = {
			isa = PBXGroup;
			children = (
				A699A0E323BAD7E000A32A30 /* AppDelegate.swift */,
				A699A0E523BAD7E000A32A30 /* SceneDelegate.swift */,
				A699A0E723BAD7E000A32A30 /* ViewController.swift */,
				A699A0E923BAD7E000A32A30 /* Main.storyboard */,
				A699A0EC23BAD7E100A32A30 /* Assets.xcassets */,
				A699A0EE23BAD7E100A32A30 /* LaunchScreen.storyboard */,
				A699A0F123BAD7E100A32A30 /* Info.plist */,
			);
			path = rubato;
			sourceTree = "<group>";
		};
/* End PBXGroup section */

/* Begin PBXNativeTarget section */
		A699A0DF23BAD7E000A32A30 /* rubato */ = {
			isa = PBXNativeTarget;
			buildConfigurationList = A699A0F423BAD7E100A32A30 /* Build configuration list for PBXNativeTarget "rubato" */;
			buildPhases = (
				A699A0DC23BAD7E000A32A30 /* Sources */,
				A699A0DD23BAD7E000A32A30 /* Frameworks */,
				A699A0DE23BAD7E000A32A30 /* Resources */,
			);
			buildRules = (
			);
			dependencies = (
			);
			name = rubato;
			productName = rubato;
			productReference = A699A0E023BAD7E000A32A30 /* rubato.app */;
			productType = "com.apple.product-type.application";
		};
/* End PBXNativeTarget section */

/* Begin PBXProject section */
		A699A0D823BAD7E000A32A30 /* Project object */ = {
			isa = PBXProject;
			attributes = {
				LastSwiftUpdateCheck = 1130;
				LastUpgradeCheck = 1130;
				ORGANIZATIONNAME = "GIPGIP Studio";
				TargetAttributes = {
					A699A0DF23BAD7E000A32A30 = {
						CreatedOnToolsVersion = 11.3;
					};
				};
			};
			buildConfigurationList = A699A0DB23BAD7E000A32A30 /* Build configuration list for PBXProject "rubato" */;
			compatibilityVersion = "Xcode 9.3";
			developmentRegion = en;
			hasScannedForEncodings = 0;
			knownRegions = (
				en,
				Base,
			);
			mainGroup = A699A0D723BAD7E000A32A30;
			productRefGroup = A699A0E123BAD7E000A32A30 /* Products */;
			projectDirPath = "";
			projectRoot = "";
			targets = (
				A699A0DF23BAD7E000A32A30 /* rubato */,
			);
		};
/* End PBXProject section */

/* Begin PBXResourcesBuildPhase section */
		A699A0DE23BAD7E000A32A30 /* Resources */ = {
			isa = PBXResourcesBuildPhase;
			buildActionMask = 2147483647;
			files = (
				A699A0F023BAD7E100A32A30 /* LaunchScreen.storyboard in Resources */,
				A699A0ED23BAD7E100A32A30 /* Assets.xcassets in Resources */,
				A699A0EB23BAD7E000A32A30 /* Main.storyboard in Resources */,
			);
			runOnlyForDeploymentPostprocessing = 0;
		};
/* End PBXResourcesBuildPhase section */

/* Begin PBXSourcesBuildPhase section */
		A699A0DC23BAD7E000A32A30 /* Sources */ = {
			isa = PBXSourcesBuildPhase;
			buildActionMask = 2147483647;
			files = (
				A699A0E823BAD7E000A32A30 /* ViewController.swift in Sources */,
				A699A0E423BAD7E000A32A30 /* AppDelegate.swift in Sources */,
				A699A0E623BAD7E000A32A30 /* SceneDelegate.swift in Sources */,
			);
			runOnlyForDeploymentPostprocessing = 0;
		};
/* End PBXSourcesBuildPhase section */

/* Begin PBXVariantGroup section */
		A699A0E923BAD7E000A32A30 /* Main.storyboard */ = {
			isa = PBXVariantGroup;
			children = (
				A699A0EA23BAD7E000A32A30 /* Base */,
			);
			name = Main.storyboard;
			sourceTree = "<group>";
		};
		A699A0EE23BAD7E100A32A30 /* LaunchScreen.storyboard */ = {
			isa = PBXVariantGroup;
			children = (
				A699A0EF23BAD7E100A32A30 /* Base */,
			);
			name = LaunchScreen.storyboard;
			sourceTree = "<group>";
		};
/* End PBXVariantGroup section */

/* Begin XCBuildConfiguration section */
		A699A0F223BAD7E100A32A30 /* Debug */ = {
			isa = XCBuildConfiguration;
			buildSettings = {
				ALWAYS_SEARCH_USER_PATHS = NO;
				CLANG_ANALYZER_NONNULL = YES;
				CLANG_ANALYZER_NUMBER_OBJECT_CONVERSION = YES_AGGRESSIVE;
				CLANG_CXX_LANGUAGE_STANDARD = "gnu++14";
				CLANG_CXX_LIBRARY = "libc++";
				CLANG_ENABLE_MODULES = YES;
				CLANG_ENABLE_OBJC_ARC = YES;
				CLANG_ENABLE_OBJC_WEAK = YES;
				CLANG_WARN_BLOCK_CAPTURE_AUTORELEASING = YES;
				CLANG_WARN_BOOL_CONVERSION = YES;
				CLANG_WARN_COMMA = YES;
				CLANG_WARN_CONSTANT_CONVERSION = YES;
				CLANG_WARN_DEPRECATED_OBJC_IMPLEMENTATIONS = YES;
				CLANG_WARN_DIRECT_OBJC_ISA_USAGE = YES_ERROR;
				CLANG_WARN_DOCUMENTATION_COMMENTS = YES;
				CLANG_WARN_EMPTY_BODY = YES;
				CLANG_WARN_ENUM_CONVERSION = YES;
				CLANG_WARN_INFINITE_RECURSION = YES;
				CLANG_WARN_INT_CONVERSION = YES;
				CLANG_WARN_NON_LITERAL_NULL_CONVERSION = YES;
				CLANG_WARN_OBJC_IMPLICIT_RETAIN_SELF = YES;
				CLANG_WARN_OBJC_LITERAL_CONVERSION = YES;
				CLANG_WARN_OBJC_ROOT_CLASS = YES_ERROR;
				CLANG_WARN_RANGE_LOOP_ANALYSIS = YES;
				CLANG_WARN_STRICT_PROTOTYPES = YES;
				CLANG_WARN_SUSPICIOUS_MOVE = YES;
				CLANG_WARN_UNGUARDED_AVAILABILITY = YES_AGGRESSIVE;
				CLANG_WARN_UNREACHABLE_CODE = YES;
				CLANG_WARN__DUPLICATE_METHOD_MATCH = YES;
				COPY_PHASE_STRIP = NO;
				DEBUG_INFORMATION_FORMAT = dwarf;
				ENABLE_STRICT_OBJC_MSGSEND = YES;
				ENABLE_TESTABILITY = YES;
				GCC_C_LANGUAGE_STANDARD = gnu11;
				GCC_DYNAMIC_NO_PIC = NO;
				GCC_NO_COMMON_BLOCKS = YES;
				GCC_OPTIMIZATION_LEVEL = 0;
				GCC_PREPROCESSOR_DEFINITIONS = (
					"DEBUG=1",
					"$(inherited)",
				);
				GCC_WARN_64_TO_32_BIT_CONVERSION = YES;
				GCC_WARN_ABOUT_RETURN_TYPE = YES_ERROR;
				GCC_WARN_UNDECLARED_SELECTOR = YES;
				GCC_WARN_UNINITIALIZED_AUTOS = YES_AGGRESSIVE;
				GCC_WARN_UNUSED_FUNCTION = YES;
				GCC_WARN_UNUSED_VARIABLE = YES;
				IPHONEOS_DEPLOYMENT_TARGET = 13.2;
				MTL_ENABLE_DEBUG_INFO = INCLUDE_SOURCE;
				MTL_FAST_MATH = YES;
				ONLY_ACTIVE_ARCH = YES;
				SDKROOT = iphoneos;
				SWIFT_ACTIVE_COMPILATION_CONDITIONS = DEBUG;
				SWIFT_OPTIMIZATION_LEVEL = "-Onone";
			};
			name = Debug;
		};
		A699A0F323BAD7E100A32A30 /* Release */ = {
			isa = XCBuildConfiguration;
			buildSettings = {
				ALWAYS_SEARCH_USER_PATHS = NO;
				CLANG_ANALYZER_NONNULL = YES;
				CLANG_ANALYZER_NUMBER_OBJECT_CONVERSION = YES_AGGRESSIVE;
				CLANG_CXX_LANGUAGE_STANDARD = "gnu++14";
				CLANG_CXX_LIBRARY = "libc++";
				CLANG_ENABLE_MODULES = YES;
				CLANG_ENABLE_OBJC_ARC = YES;
				CLANG_ENABLE_OBJC_WEAK = YES;
				CLANG_WARN_BLOCK_CAPTURE_AUTORELEASING = YES;
				CLANG_WARN_BOOL_CONVERSION = YES;
				CLANG_WARN_COMMA = YES;
				CLANG_WARN_CONSTANT_CONVERSION = YES;
				CLANG_WARN_DEPRECATED_OBJC_IMPLEMENTATIONS = YES;
				CLANG_WARN_DIRECT_OBJC_ISA_USAGE = YES_ERROR;
				CLANG_WARN_DOCUMENTATION_COMMENTS = YES;
				CLANG_WARN_EMPTY_BODY = YES;
				CLANG_WARN_ENUM_CONVERSION = YES;
				CLANG_WARN_INFINITE_RECURSION = YES;
				CLANG_WARN_INT_CONVERSION = YES;
				CLANG_WARN_NON_LITERAL_NULL_CONVERSION = YES;
				CLANG_WARN_OBJC_IMPLICIT_RETAIN_SELF = YES;
				CLANG_WARN_OBJC_LITERAL_CONVERSION = YES;
				CLANG_WARN_OBJC_ROOT_CLASS = YES_ERROR;
				CLANG_WARN_RANGE_LOOP_ANALYSIS = YES;
				CLANG_WARN_STRICT_PROTOTYPES = YES;
				CLANG_WARN_SUSPICIOUS_MOVE = YES;
				CLANG_WARN_UNGUARDED_AVAILABILITY = YES_AGGRESSIVE;
				CLANG_WARN_UNREACHABLE_CODE = YES;
				CLANG_WARN__DUPLICATE_METHOD_MATCH = YES;
				COPY_PHASE_STRIP = NO;
				DEBUG_INFORMATION_FORMAT = "dwarf-with-dsym";
				ENABLE_NS_ASSERTIONS = NO;
				ENABLE_STRICT_OBJC_MSGSEND = YES;
				GCC_C_LANGUAGE_STANDARD = gnu11;
				GCC_NO_COMMON_BLOCKS = YES;
				GCC_WARN_64_TO_32_BIT_CONVERSION = YES;
				GCC_WARN_ABOUT_RETURN_TYPE = YES_ERROR;
				GCC_WARN_UNDECLARED_SELECTOR = YES;
				GCC_WARN_UNINITIALIZED_AUTOS = YES_AGGRESSIVE;
				GCC_WARN_UNUSED_FUNCTION = YES;
				GCC_WARN_UNUSED_VARIABLE = YES;
				IPHONEOS_DEPLOYMENT_TARGET = 13.2;
				MTL_ENABLE_DEBUG_INFO = NO;
				MTL_FAST_MATH = YES;
				SDKROOT = iphoneos;
				SWIFT_COMPILATION_MODE = wholemodule;
				SWIFT_OPTIMIZATION_LEVEL = "-O";
				VALIDATE_PRODUCT = YES;
			};
			name = Release;
		};
		A699A0F523BAD7E100A32A30 /* Debug */ = {
			isa = XCBuildConfiguration;
			buildSettings = {
				ASSETCATALOG_COMPILER_APPICON_NAME = AppIcon;
				CODE_SIGN_STYLE = Automatic;
				DEVELOPMENT_TEAM = FLZ8CLXX64;
				INFOPLIST_FILE = rubato/Info.plist;
				LD_RUNPATH_SEARCH_PATHS = (
					"$(inherited)",
					"@executable_path/Frameworks",
				);
				PRODUCT_BUNDLE_IDENTIFIER = com.GIPGIP.rubato;
				PRODUCT_NAME = "$(TARGET_NAME)";
				SWIFT_VERSION = 5.0;
				TARGETED_DEVICE_FAMILY = "1,2";
			};
			name = Debug;
		};
		A699A0F623BAD7E100A32A30 /* Release */ = {
			isa = XCBuildConfiguration;
			buildSettings = {
				ASSETCATALOG_COMPILER_APPICON_NAME = AppIcon;
				CODE_SIGN_STYLE = Automatic;
				DEVELOPMENT_TEAM = FLZ8CLXX64;
				INFOPLIST_FILE = rubato/Info.plist;
				LD_RUNPATH_SEARCH_PATHS = (
					"$(inherited)",
					"@executable_path/Frameworks",
				);
				PRODUCT_BUNDLE_IDENTIFIER = com.GIPGIP.rubato;
				PRODUCT_NAME = "$(TARGET_NAME)";
				SWIFT_VERSION = 5.0;
				TARGETED_DEVICE_FAMILY = "1,2";
			};
			name = Release;
		};
/* End XCBuildConfiguration section */

/* Begin XCConfigurationList section */
		A699A0DB23BAD7E000A32A30 /* Build configuration list for PBXProject "rubato" */ = {
			isa = XCConfigurationList;
			buildConfigurations = (
				A699A0F223BAD7E100A32A30 /* Debug */,
				A699A0F323BAD7E100A32A30 /* Release */,
			);
			defaultConfigurationIsVisible = 0;
			defaultConfigurationName = Release;
		};
		A699A0F423BAD7E100A32A30 /* Build configuration list for PBXNativeTarget "rubato" */ = {
			isa = XCConfigurationList;
			buildConfigurations = (
				A699A0F523BAD7E100A32A30 /* Debug */,
				A699A0F623BAD7E100A32A30 /* Release */,
			);
			defaultConfigurationIsVisible = 0;
			defaultConfigurationName = Release;
		};
/* End XCConfigurationList section */
	};
	rootObject = A699A0D823BAD7E000A32A30 /* Project object */;
}
