// !$*UTF8*$!
{
	archiveVersion = 1;
	classes = {
	};
	objectVersion = 50;
	objects = {

/* Begin PBXBuildFile section */
		4A0BACB1249C38AC00DF9A77 /* AppDelegate.swift in Sources */ = {isa = PBXBuildFile; fileRef = 4A0BACB0249C38AC00DF9A77 /* AppDelegate.swift */; };
		4A0BACB3249C38AC00DF9A77 /* SceneDelegate.swift in Sources */ = {isa = PBXBuildFile; fileRef = 4A0BACB2249C38AC00DF9A77 /* SceneDelegate.swift */; };
		4A0BACB8249C38AC00DF9A77 /* Main.storyboard in Resources */ = {isa = PBXBuildFile; fileRef = 4A0BACB6249C38AC00DF9A77 /* Main.storyboard */; };
		4A0BACBA249C38B800DF9A77 /* Assets.xcassets in Resources */ = {isa = PBXBuildFile; fileRef = 4A0BACB9249C38B800DF9A77 /* Assets.xcassets */; };
		4A0BACBD249C38B800DF9A77 /* LaunchScreen.storyboard in Resources */ = {isa = PBXBuildFile; fileRef = 4A0BACBB249C38B800DF9A77 /* LaunchScreen.storyboard */; };
		4A0BACC8249C3BC900DF9A77 /* AddGroupViewController.swift in Sources */ = {isa = PBXBuildFile; fileRef = 4A0BACC7249C3BC900DF9A77 /* AddGroupViewController.swift */; };
		4A0BACCA249C3C7500DF9A77 /* AddLocationViewController.swift in Sources */ = {isa = PBXBuildFile; fileRef = 4A0BACC9249C3C7500DF9A77 /* AddLocationViewController.swift */; };
		4A0BACCD249C3E1C00DF9A77 /* UserModel.swift in Sources */ = {isa = PBXBuildFile; fileRef = 4A0BACCC249C3E1C00DF9A77 /* UserModel.swift */; };
		4A0BACD4249C3F3000DF9A77 /* UserModelController.swift in Sources */ = {isa = PBXBuildFile; fileRef = 4A0BACD3249C3F3000DF9A77 /* UserModelController.swift */; };
		4A0BACD7249C5E9C00DF9A77 /* GroupsTableViewCell.swift in Sources */ = {isa = PBXBuildFile; fileRef = 4A0BACD6249C5E9C00DF9A77 /* GroupsTableViewCell.swift */; };
		4A0BACD9249C5EB600DF9A77 /* LocationTableViewCell.swift in Sources */ = {isa = PBXBuildFile; fileRef = 4A0BACD8249C5EB600DF9A77 /* LocationTableViewCell.swift */; };
		4A0BACDB249C5F7000DF9A77 /* GroupsTableViewController.swift in Sources */ = {isa = PBXBuildFile; fileRef = 4A0BACDA249C5F7000DF9A77 /* GroupsTableViewController.swift */; };
		4A0BACDD249C5F7F00DF9A77 /* LocationTableViewController.swift in Sources */ = {isa = PBXBuildFile; fileRef = 4A0BACDC249C5F7F00DF9A77 /* LocationTableViewController.swift */; };
/* End PBXBuildFile section */

/* Begin PBXFileReference section */
		4A0BACAD249C38AC00DF9A77 /* Group Lunch Coordinator.app */ = {isa = PBXFileReference; explicitFileType = wrapper.application; includeInIndex = 0; path = "Group Lunch Coordinator.app"; sourceTree = BUILT_PRODUCTS_DIR; };
		4A0BACB0249C38AC00DF9A77 /* AppDelegate.swift */ = {isa = PBXFileReference; lastKnownFileType = sourcecode.swift; path = AppDelegate.swift; sourceTree = "<group>"; };
		4A0BACB2249C38AC00DF9A77 /* SceneDelegate.swift */ = {isa = PBXFileReference; lastKnownFileType = sourcecode.swift; path = SceneDelegate.swift; sourceTree = "<group>"; };
		4A0BACB7249C38AC00DF9A77 /* Base */ = {isa = PBXFileReference; lastKnownFileType = file.storyboard; name = Base; path = Base.lproj/Main.storyboard; sourceTree = "<group>"; };
		4A0BACB9249C38B800DF9A77 /* Assets.xcassets */ = {isa = PBXFileReference; lastKnownFileType = folder.assetcatalog; path = Assets.xcassets; sourceTree = "<group>"; };
		4A0BACBC249C38B800DF9A77 /* Base */ = {isa = PBXFileReference; lastKnownFileType = file.storyboard; name = Base; path = Base.lproj/LaunchScreen.storyboard; sourceTree = "<group>"; };
		4A0BACBE249C38B800DF9A77 /* Info.plist */ = {isa = PBXFileReference; lastKnownFileType = text.plist.xml; path = Info.plist; sourceTree = "<group>"; };
		4A0BACC7249C3BC900DF9A77 /* AddGroupViewController.swift */ = {isa = PBXFileReference; lastKnownFileType = sourcecode.swift; path = AddGroupViewController.swift; sourceTree = "<group>"; };
		4A0BACC9249C3C7500DF9A77 /* AddLocationViewController.swift */ = {isa = PBXFileReference; lastKnownFileType = sourcecode.swift; path = AddLocationViewController.swift; sourceTree = "<group>"; };
		4A0BACCC249C3E1C00DF9A77 /* UserModel.swift */ = {isa = PBXFileReference; lastKnownFileType = sourcecode.swift; path = UserModel.swift; sourceTree = "<group>"; };
		4A0BACD3249C3F3000DF9A77 /* UserModelController.swift */ = {isa = PBXFileReference; lastKnownFileType = sourcecode.swift; path = UserModelController.swift; sourceTree = "<group>"; };
		4A0BACD6249C5E9C00DF9A77 /* GroupsTableViewCell.swift */ = {isa = PBXFileReference; lastKnownFileType = sourcecode.swift; path = GroupsTableViewCell.swift; sourceTree = "<group>"; };
		4A0BACD8249C5EB600DF9A77 /* LocationTableViewCell.swift */ = {isa = PBXFileReference; lastKnownFileType = sourcecode.swift; path = LocationTableViewCell.swift; sourceTree = "<group>"; };
		4A0BACDA249C5F7000DF9A77 /* GroupsTableViewController.swift */ = {isa = PBXFileReference; lastKnownFileType = sourcecode.swift; path = GroupsTableViewController.swift; sourceTree = "<group>"; };
		4A0BACDC249C5F7F00DF9A77 /* LocationTableViewController.swift */ = {isa = PBXFileReference; lastKnownFileType = sourcecode.swift; path = LocationTableViewController.swift; sourceTree = "<group>"; };
/* End PBXFileReference section */

/* Begin PBXFrameworksBuildPhase section */
		4A0BACAA249C38AC00DF9A77 /* Frameworks */ = {
			isa = PBXFrameworksBuildPhase;
			buildActionMask = 2147483647;
			files = (
			);
			runOnlyForDeploymentPostprocessing = 0;
		};
/* End PBXFrameworksBuildPhase section */

/* Begin PBXGroup section */
		4A0BACA4249C38AC00DF9A77 = {
			isa = PBXGroup;
			children = (
				4A0BACAF249C38AC00DF9A77 /* Group Lunch Coordinator */,
				4A0BACAE249C38AC00DF9A77 /* Products */,
			);
			sourceTree = "<group>";
		};
		4A0BACAE249C38AC00DF9A77 /* Products */ = {
			isa = PBXGroup;
			children = (
				4A0BACAD249C38AC00DF9A77 /* Group Lunch Coordinator.app */,
			);
			name = Products;
			sourceTree = "<group>";
		};
		4A0BACAF249C38AC00DF9A77 /* Group Lunch Coordinator */ = {
			isa = PBXGroup;
			children = (
				4A0BACB6249C38AC00DF9A77 /* Main.storyboard */,
				4A0BACD6249C5E9C00DF9A77 /* GroupsTableViewCell.swift */,
				4A0BACD8249C5EB600DF9A77 /* LocationTableViewCell.swift */,
				4A0BACD5249C3F4600DF9A77 /* Controllers */,
				4A0BACC4249C3B3700DF9A77 /* Views */,
				4A0BACD0249C3E4900DF9A77 /* Models */,
				4A0BACB9249C38B800DF9A77 /* Assets.xcassets */,
				4A0BACBB249C38B800DF9A77 /* LaunchScreen.storyboard */,
				4A0BACBE249C38B800DF9A77 /* Info.plist */,
				4A0BACCB249C3CE400DF9A77 /* Resources */,
			);
			path = "Group Lunch Coordinator";
			sourceTree = "<group>";
		};
		4A0BACC4249C3B3700DF9A77 /* Views */ = {
			isa = PBXGroup;
			children = (
				4A0BACC7249C3BC900DF9A77 /* AddGroupViewController.swift */,
				4A0BACC9249C3C7500DF9A77 /* AddLocationViewController.swift */,
				4A0BACDA249C5F7000DF9A77 /* GroupsTableViewController.swift */,
				4A0BACDC249C5F7F00DF9A77 /* LocationTableViewController.swift */,
			);
			path = Views;
			sourceTree = "<group>";
		};
		4A0BACCB249C3CE400DF9A77 /* Resources */ = {
			isa = PBXGroup;
			children = (
				4A0BACB0249C38AC00DF9A77 /* AppDelegate.swift */,
				4A0BACB2249C38AC00DF9A77 /* SceneDelegate.swift */,
			);
			path = Resources;
			sourceTree = "<group>";
		};
		4A0BACD0249C3E4900DF9A77 /* Models */ = {
			isa = PBXGroup;
			children = (
				4A0BACCC249C3E1C00DF9A77 /* UserModel.swift */,
			);
			path = Models;
			sourceTree = "<group>";
		};
		4A0BACD5249C3F4600DF9A77 /* Controllers */ = {
			isa = PBXGroup;
			children = (
				4A0BACD3249C3F3000DF9A77 /* UserModelController.swift */,
			);
			path = Controllers;
			sourceTree = "<group>";
		};
/* End PBXGroup section */

/* Begin PBXNativeTarget section */
		4A0BACAC249C38AC00DF9A77 /* Group Lunch Coordinator */ = {
			isa = PBXNativeTarget;
			buildConfigurationList = 4A0BACC1249C38B800DF9A77 /* Build configuration list for PBXNativeTarget "Group Lunch Coordinator" */;
			buildPhases = (
				4A0BACA9249C38AC00DF9A77 /* Sources */,
				4A0BACAA249C38AC00DF9A77 /* Frameworks */,
				4A0BACAB249C38AC00DF9A77 /* Resources */,
			);
			buildRules = (
			);
			dependencies = (
			);
			name = "Group Lunch Coordinator";
			productName = "Group Lunch Coordinator";
			productReference = 4A0BACAD249C38AC00DF9A77 /* Group Lunch Coordinator.app */;
			productType = "com.apple.product-type.application";
		};
/* End PBXNativeTarget section */

/* Begin PBXProject section */
		4A0BACA5249C38AC00DF9A77 /* Project object */ = {
			isa = PBXProject;
			attributes = {
				LastSwiftUpdateCheck = 1150;
				LastUpgradeCheck = 1150;
				ORGANIZATIONNAME = "Lambda School";
				TargetAttributes = {
					4A0BACAC249C38AC00DF9A77 = {
						CreatedOnToolsVersion = 11.5;
					};
				};
			};
			buildConfigurationList = 4A0BACA8249C38AC00DF9A77 /* Build configuration list for PBXProject "Group Lunch Coordinator" */;
			compatibilityVersion = "Xcode 9.3";
			developmentRegion = en;
			hasScannedForEncodings = 0;
			knownRegions = (
				en,
				Base,
			);
			mainGroup = 4A0BACA4249C38AC00DF9A77;
			productRefGroup = 4A0BACAE249C38AC00DF9A77 /* Products */;
			projectDirPath = "";
			projectRoot = "";
			targets = (
				4A0BACAC249C38AC00DF9A77 /* Group Lunch Coordinator */,
			);
		};
/* End PBXProject section */

/* Begin PBXResourcesBuildPhase section */
		4A0BACAB249C38AC00DF9A77 /* Resources */ = {
			isa = PBXResourcesBuildPhase;
			buildActionMask = 2147483647;
			files = (
				4A0BACBD249C38B800DF9A77 /* LaunchScreen.storyboard in Resources */,
				4A0BACBA249C38B800DF9A77 /* Assets.xcassets in Resources */,
				4A0BACB8249C38AC00DF9A77 /* Main.storyboard in Resources */,
			);
			runOnlyForDeploymentPostprocessing = 0;
		};
/* End PBXResourcesBuildPhase section */

/* Begin PBXSourcesBuildPhase section */
		4A0BACA9249C38AC00DF9A77 /* Sources */ = {
			isa = PBXSourcesBuildPhase;
			buildActionMask = 2147483647;
			files = (
				4A0BACD4249C3F3000DF9A77 /* UserModelController.swift in Sources */,
				4A0BACB1249C38AC00DF9A77 /* AppDelegate.swift in Sources */,
				4A0BACC8249C3BC900DF9A77 /* AddGroupViewController.swift in Sources */,
				4A0BACB3249C38AC00DF9A77 /* SceneDelegate.swift in Sources */,
				4A0BACD7249C5E9C00DF9A77 /* GroupsTableViewCell.swift in Sources */,
				4A0BACCD249C3E1C00DF9A77 /* UserModel.swift in Sources */,
				4A0BACD9249C5EB600DF9A77 /* LocationTableViewCell.swift in Sources */,
				4A0BACDB249C5F7000DF9A77 /* GroupsTableViewController.swift in Sources */,
				4A0BACDD249C5F7F00DF9A77 /* LocationTableViewController.swift in Sources */,
				4A0BACCA249C3C7500DF9A77 /* AddLocationViewController.swift in Sources */,
			);
			runOnlyForDeploymentPostprocessing = 0;
		};
/* End PBXSourcesBuildPhase section */

/* Begin PBXVariantGroup section */
		4A0BACB6249C38AC00DF9A77 /* Main.storyboard */ = {
			isa = PBXVariantGroup;
			children = (
				4A0BACB7249C38AC00DF9A77 /* Base */,
			);
			name = Main.storyboard;
			sourceTree = "<group>";
		};
		4A0BACBB249C38B800DF9A77 /* LaunchScreen.storyboard */ = {
			isa = PBXVariantGroup;
			children = (
				4A0BACBC249C38B800DF9A77 /* Base */,
			);
			name = LaunchScreen.storyboard;
			sourceTree = "<group>";
		};
/* End PBXVariantGroup section */

/* Begin XCBuildConfiguration section */
		4A0BACBF249C38B800DF9A77 /* Debug */ = {
			isa = XCBuildConfiguration;
			buildSettings = {
				ALWAYS_SEARCH_USER_PATHS = NO;
				CLANG_ANALYZER_NONNULL = YES;
				CLANG_ANALYZER_NUMBER_OBJECT_CONVERSION = YES_AGGRESSIVE;
				CLANG_CXX_LANGUAGE_STANDARD = "gnu++14";
				CLANG_CXX_LIBRARY = "libc++";
				CLANG_ENABLE_MODULES = YES;
				CLANG_ENABLE_OBJC_ARC = YES;
				CLANG_ENABLE_OBJC_WEAK = YES;
				CLANG_WARN_BLOCK_CAPTURE_AUTORELEASING = YES;
				CLANG_WARN_BOOL_CONVERSION = YES;
				CLANG_WARN_COMMA = YES;
				CLANG_WARN_CONSTANT_CONVERSION = YES;
				CLANG_WARN_DEPRECATED_OBJC_IMPLEMENTATIONS = YES;
				CLANG_WARN_DIRECT_OBJC_ISA_USAGE = YES_ERROR;
				CLANG_WARN_DOCUMENTATION_COMMENTS = YES;
				CLANG_WARN_EMPTY_BODY = YES;
				CLANG_WARN_ENUM_CONVERSION = YES;
				CLANG_WARN_INFINITE_RECURSION = YES;
				CLANG_WARN_INT_CONVERSION = YES;
				CLANG_WARN_NON_LITERAL_NULL_CONVERSION = YES;
				CLANG_WARN_OBJC_IMPLICIT_RETAIN_SELF = YES;
				CLANG_WARN_OBJC_LITERAL_CONVERSION = YES;
				CLANG_WARN_OBJC_ROOT_CLASS = YES_ERROR;
				CLANG_WARN_RANGE_LOOP_ANALYSIS = YES;
				CLANG_WARN_STRICT_PROTOTYPES = YES;
				CLANG_WARN_SUSPICIOUS_MOVE = YES;
				CLANG_WARN_UNGUARDED_AVAILABILITY = YES_AGGRESSIVE;
				CLANG_WARN_UNREACHABLE_CODE = YES;
				CLANG_WARN__DUPLICATE_METHOD_MATCH = YES;
				COPY_PHASE_STRIP = NO;
				DEBUG_INFORMATION_FORMAT = dwarf;
				ENABLE_STRICT_OBJC_MSGSEND = YES;
				ENABLE_TESTABILITY = YES;
				GCC_C_LANGUAGE_STANDARD = gnu11;
				GCC_DYNAMIC_NO_PIC = NO;
				GCC_NO_COMMON_BLOCKS = YES;
				GCC_OPTIMIZATION_LEVEL = 0;
				GCC_PREPROCESSOR_DEFINITIONS = (
					"DEBUG=1",
					"$(inherited)",
				);
				GCC_WARN_64_TO_32_BIT_CONVERSION = YES;
				GCC_WARN_ABOUT_RETURN_TYPE = YES_ERROR;
				GCC_WARN_UNDECLARED_SELECTOR = YES;
				GCC_WARN_UNINITIALIZED_AUTOS = YES_AGGRESSIVE;
				GCC_WARN_UNUSED_FUNCTION = YES;
				GCC_WARN_UNUSED_VARIABLE = YES;
				IPHONEOS_DEPLOYMENT_TARGET = 13.5;
				MTL_ENABLE_DEBUG_INFO = INCLUDE_SOURCE;
				MTL_FAST_MATH = YES;
				ONLY_ACTIVE_ARCH = YES;
				SDKROOT = iphoneos;
				SWIFT_ACTIVE_COMPILATION_CONDITIONS = DEBUG;
				SWIFT_OPTIMIZATION_LEVEL = "-Onone";
			};
			name = Debug;
		};
		4A0BACC0249C38B800DF9A77 /* Release */ = {
			isa = XCBuildConfiguration;
			buildSettings = {
				ALWAYS_SEARCH_USER_PATHS = NO;
				CLANG_ANALYZER_NONNULL = YES;
				CLANG_ANALYZER_NUMBER_OBJECT_CONVERSION = YES_AGGRESSIVE;
				CLANG_CXX_LANGUAGE_STANDARD = "gnu++14";
				CLANG_CXX_LIBRARY = "libc++";
				CLANG_ENABLE_MODULES = YES;
				CLANG_ENABLE_OBJC_ARC = YES;
				CLANG_ENABLE_OBJC_WEAK = YES;
				CLANG_WARN_BLOCK_CAPTURE_AUTORELEASING = YES;
				CLANG_WARN_BOOL_CONVERSION = YES;
				CLANG_WARN_COMMA = YES;
				CLANG_WARN_CONSTANT_CONVERSION = YES;
				CLANG_WARN_DEPRECATED_OBJC_IMPLEMENTATIONS = YES;
				CLANG_WARN_DIRECT_OBJC_ISA_USAGE = YES_ERROR;
				CLANG_WARN_DOCUMENTATION_COMMENTS = YES;
				CLANG_WARN_EMPTY_BODY = YES;
				CLANG_WARN_ENUM_CONVERSION = YES;
				CLANG_WARN_INFINITE_RECURSION = YES;
				CLANG_WARN_INT_CONVERSION = YES;
				CLANG_WARN_NON_LITERAL_NULL_CONVERSION = YES;
				CLANG_WARN_OBJC_IMPLICIT_RETAIN_SELF = YES;
				CLANG_WARN_OBJC_LITERAL_CONVERSION = YES;
				CLANG_WARN_OBJC_ROOT_CLASS = YES_ERROR;
				CLANG_WARN_RANGE_LOOP_ANALYSIS = YES;
				CLANG_WARN_STRICT_PROTOTYPES = YES;
				CLANG_WARN_SUSPICIOUS_MOVE = YES;
				CLANG_WARN_UNGUARDED_AVAILABILITY = YES_AGGRESSIVE;
				CLANG_WARN_UNREACHABLE_CODE = YES;
				CLANG_WARN__DUPLICATE_METHOD_MATCH = YES;
				COPY_PHASE_STRIP = NO;
				DEBUG_INFORMATION_FORMAT = "dwarf-with-dsym";
				ENABLE_NS_ASSERTIONS = NO;
				ENABLE_STRICT_OBJC_MSGSEND = YES;
				GCC_C_LANGUAGE_STANDARD = gnu11;
				GCC_NO_COMMON_BLOCKS = YES;
				GCC_WARN_64_TO_32_BIT_CONVERSION = YES;
				GCC_WARN_ABOUT_RETURN_TYPE = YES_ERROR;
				GCC_WARN_UNDECLARED_SELECTOR = YES;
				GCC_WARN_UNINITIALIZED_AUTOS = YES_AGGRESSIVE;
				GCC_WARN_UNUSED_FUNCTION = YES;
				GCC_WARN_UNUSED_VARIABLE = YES;
				IPHONEOS_DEPLOYMENT_TARGET = 13.5;
				MTL_ENABLE_DEBUG_INFO = NO;
				MTL_FAST_MATH = YES;
				SDKROOT = iphoneos;
				SWIFT_COMPILATION_MODE = wholemodule;
				SWIFT_OPTIMIZATION_LEVEL = "-O";
				VALIDATE_PRODUCT = YES;
			};
			name = Release;
		};
		4A0BACC2249C38B800DF9A77 /* Debug */ = {
			isa = XCBuildConfiguration;
			buildSettings = {
				ASSETCATALOG_COMPILER_APPICON_NAME = AppIcon;
				CODE_SIGN_STYLE = Automatic;
				DEVELOPMENT_TEAM = 2S8MH4C36K;
				INFOPLIST_FILE = "Group Lunch Coordinator/Info.plist";
				LD_RUNPATH_SEARCH_PATHS = (
					"$(inherited)",
					"@executable_path/Frameworks",
				);
				PRODUCT_BUNDLE_IDENTIFIER = "com.LambdaSchool.Group-Lunch-Coordinator";
				PRODUCT_NAME = "$(TARGET_NAME)";
				SWIFT_VERSION = 5.0;
				TARGETED_DEVICE_FAMILY = "1,2";
			};
			name = Debug;
		};
		4A0BACC3249C38B800DF9A77 /* Release */ = {
			isa = XCBuildConfiguration;
			buildSettings = {
				ASSETCATALOG_COMPILER_APPICON_NAME = AppIcon;
				CODE_SIGN_STYLE = Automatic;
				DEVELOPMENT_TEAM = 2S8MH4C36K;
				INFOPLIST_FILE = "Group Lunch Coordinator/Info.plist";
				LD_RUNPATH_SEARCH_PATHS = (
					"$(inherited)",
					"@executable_path/Frameworks",
				);
				PRODUCT_BUNDLE_IDENTIFIER = "com.LambdaSchool.Group-Lunch-Coordinator";
				PRODUCT_NAME = "$(TARGET_NAME)";
				SWIFT_VERSION = 5.0;
				TARGETED_DEVICE_FAMILY = "1,2";
			};
			name = Release;
		};
/* End XCBuildConfiguration section */

/* Begin XCConfigurationList section */
		4A0BACA8249C38AC00DF9A77 /* Build configuration list for PBXProject "Group Lunch Coordinator" */ = {
			isa = XCConfigurationList;
			buildConfigurations = (
				4A0BACBF249C38B800DF9A77 /* Debug */,
				4A0BACC0249C38B800DF9A77 /* Release */,
			);
			defaultConfigurationIsVisible = 0;
			defaultConfigurationName = Release;
		};
		4A0BACC1249C38B800DF9A77 /* Build configuration list for PBXNativeTarget "Group Lunch Coordinator" */ = {
			isa = XCConfigurationList;
			buildConfigurations = (
				4A0BACC2249C38B800DF9A77 /* Debug */,
				4A0BACC3249C38B800DF9A77 /* Release */,
			);
			defaultConfigurationIsVisible = 0;
			defaultConfigurationName = Release;
		};
/* End XCConfigurationList section */
	};
	rootObject = 4A0BACA5249C38AC00DF9A77 /* Project object */;
}
